
Microsoft Visual Studio Solution File, Format Version 12.00
# Visual Studio Version 17
VisualStudioVersion = 17.5.33516.290
MinimumVisualStudioVersion = 10.0.40219.1
Project("{FAE04EC0-301F-11D3-BF4B-00C04F79EFBC}") = "MultiThreading", "MultiThreading\MultiThreading.csproj", "{541231EE-80C0-4B43-BDD0-5A5BEAE193B9}"
EndProject
Project("{FAE04EC0-301F-11D3-BF4B-00C04F79EFBC}") = "FileWriter", "FileWriter\FileWriter.csproj", "{438095F7-AD52-4B54-B82F-081E91A5A3ED}"
EndProject
Global
	GlobalSection(SolutionConfigurationPlatforms) = preSolution
		Debug|Any CPU = Debug|Any CPU
		Release|Any CPU = Release|Any CPU
	EndGlobalSection
	GlobalSection(ProjectConfigurationPlatforms) = postSolution
		{541231EE-80C0-4B43-BDD0-5A5BEAE193B9}.Debug|Any CPU.ActiveCfg = Debug|Any CPU
		{541231EE-80C0-4B43-BDD0-5A5BEAE193B9}.Debug|Any CPU.Build.0 = Debug|Any CPU
		{541231EE-80C0-4B43-BDD0-5A5BEAE193B9}.Release|Any CPU.ActiveCfg = Release|Any CPU
		{541231EE-80C0-4B43-BDD0-5A5BEAE193B9}.Release|Any CPU.Build.0 = Release|Any CPU
		{438095F7-AD52-4B54-B82F-081E91A5A3ED}.Debug|Any CPU.ActiveCfg = Debug|Any CPU
		{438095F7-AD52-4B54-B82F-081E91A5A3ED}.Debug|Any CPU.Build.0 = Debug|Any CPU
		{438095F7-AD52-4B54-B82F-081E91A5A3ED}.Release|Any CPU.ActiveCfg = Release|Any CPU
		{438095F7-AD52-4B54-B82F-081E91A5A3ED}.Release|Any CPU.Build.0 = Release|Any CPU
	EndGlobalSection
	GlobalSection(SolutionProperties) = preSolution
		HideSolutionNode = FALSE
	EndGlobalSection
	GlobalSection(ExtensibilityGlobals) = postSolution
		SolutionGuid = {6657F7E0-5890-47AF-A244-FDBC49D14C0A}
	EndGlobalSection
EndGlobal
